
Microsoft Visual Studio Solution File, Format Version 12.00
# Visual Studio Version 16
VisualStudioVersion = 16.0.31019.35
MinimumVisualStudioVersion = 10.0.40219.1
Project("{FAE04EC0-301F-11D3-BF4B-00C04F79EFBC}") = "SimChat", "SimChat\SimChat.csproj", "{AD73E834-42F7-461F-AEAF-378BE5688D05}"
EndProject
Project("{54435603-DBB4-11D2-8724-00A0C9A8B90C}") = "Simchat - Private chat for teams", "SimChat\Simchat - Private chat for teams\Simchat - Private chat for teams.vdproj", "{70A5F8E6-EB00-4839-8EA8-EF9965293713}"
EndProject
Global
	GlobalSection(SolutionConfigurationPlatforms) = preSolution
		Debug|Any CPU = Debug|Any CPU
		Release|Any CPU = Release|Any CPU
	EndGlobalSection
	GlobalSection(ProjectConfigurationPlatforms) = postSolution
		{AD73E834-42F7-461F-AEAF-378BE5688D05}.Debug|Any CPU.ActiveCfg = Debug|Any CPU
		{AD73E834-42F7-461F-AEAF-378BE5688D05}.Debug|Any CPU.Build.0 = Debug|Any CPU
		{AD73E834-42F7-461F-AEAF-378BE5688D05}.Release|Any CPU.ActiveCfg = Release|Any CPU
		{AD73E834-42F7-461F-AEAF-378BE5688D05}.Release|Any CPU.Build.0 = Release|Any CPU
		{70A5F8E6-EB00-4839-8EA8-EF9965293713}.Debug|Any CPU.ActiveCfg = Debug
		{70A5F8E6-EB00-4839-8EA8-EF9965293713}.Release|Any CPU.ActiveCfg = Release
	EndGlobalSection
	GlobalSection(SolutionProperties) = preSolution
		HideSolutionNode = FALSE
	EndGlobalSection
	GlobalSection(ExtensibilityGlobals) = postSolution
		SolutionGuid = {5F89C0F4-4AD8-42D7-BAC5-72F328A98DB1}
	EndGlobalSection
EndGlobal
